<?xml version="1.0" encoding="utf-8"?>
<Project ToolsVersion="4.0" xmlns="http://schemas.microsoft.com/developer/msbuild/2003">
  <ItemGroup>
    <Filter Include="Source Files">
      <UniqueIdentifier>{4FC737F1-C7A5-4376-A066-2A32D752A2FF}</UniqueIdentifier>
      <Extensions>cpp;c;cc;cxx;def;odl;idl;hpj;bat;asm;asmx</Extensions>
    </Filter>
    <Filter Include="Header Files">
      <UniqueIdentifier>{93995380-89BD-4b04-88EB-625FBE52EBFB}</UniqueIdentifier>
      <Extensions>h;hh;hpp;hxx;hm;inl;inc;xsd</Extensions>
    </Filter>
    <Filter Include="Resource Files">
      <UniqueIdentifier>{67DA6AB6-F800-4c08-8B7A-83BB121AAD01}</UniqueIdentifier>
      <Extensions>rc;ico;cur;bmp;dlg;rc2;rct;bin;rgs;gif;jpg;jpeg;jpe;resx;tiff;tif;png;wav;mfcribbon-ms</Extensions>
    </Filter>
    <Filter Include="pfm">
      <UniqueIdentifier>{8034a3f2-e4ad-4380-b18e-0f1b162a982d}</UniqueIdentifier>
    </Filter>
    <Filter Include="pfm\Include">
      <UniqueIdentifier>{596ea4ba-d44d-4df2-9c10-5295d3601e72}</UniqueIdentifier>
    </Filter>
    <Filter Include="7z">
      <UniqueIdentifier>{7daf7ea6-cfb7-4aa7-ae29-c8deea54129d}</UniqueIdentifier>
    </Filter>
    <Filter Include="7z\h">
      <UniqueIdentifier>{acd222c5-7cc2-4206-96d8-f905357b880a}</UniqueIdentifier>
    </Filter>
  </ItemGroup>
  <ItemGroup>
    <None Include="..\index.html">
      <Filter>pfm</Filter>
    </None>
  </ItemGroup>
  <ItemGroup>
    <Text Include="..\pfmkit-180-license.txt">
      <Filter>pfm</Filter>
    </Text>
    <Text Include="..\pfmkit-180-readme.txt">
      <Filter>pfm</Filter>
    </Text>
  </ItemGroup>
  <ItemGroup>
    <ClInclude Include="..\include\pfmapi.h">
      <Filter>pfm\Include</Filter>
    </ClInclude>
    <ClInclude Include="..\include\pfmapi.hxx">
      <Filter>pfm\Include</Filter>
    </ClInclude>
    <ClInclude Include="..\include\pfmformatter.h">
      <Filter>pfm\Include</Filter>
    </ClInclude>
    <ClInclude Include="..\include\pfmprotocol.h">
      <Filter>pfm\Include</Filter>
    </ClInclude>
    <ClInclude Include="..\include\ptfactory1.h">
      <Filter>pfm\Include</Filter>
    </ClInclude>
    <ClInclude Include="..\include\ptpublic.h">
      <Filter>pfm\Include</Filter>
    </ClInclude>
    <ClInclude Include="..\7z\CPP\7zip\IPassword.h">
      <Filter>7z\h</Filter>
    </ClInclude>
    <ClInclude Include="..\7z\CPP\7zip\IProgress.h">
      <Filter>7z\h</Filter>
    </ClInclude>
    <ClInclude Include="..\7z\CPP\7zip\IStream.h">
      <Filter>7z\h</Filter>
    </ClInclude>
    <ClInclude Include="..\7z\CPP\7zip\PropID.h">
      <Filter>7z\h</Filter>
    </ClInclude>
    <ClInclude Include="..\7z\CPP\7zip\Archive\IArchive.h">
      <Filter>7z\h</Filter>
    </ClInclude>
    <ClInclude Include="7zheaders.h">
      <Filter>Header Files</Filter>
    </ClInclude>
    <ClInclude Include="ArchiveVolume.h">
      <Filter>Header Files</Filter>
    </ClInclude>
    <ClInclude Include="pfmHeader.h">
      <Filter>Header Files</Filter>
    </ClInclude>
    <ClInclude Include="ArchiveWrap.h">
      <Filter>Header Files</Filter>
    </ClInclude>
  </ItemGroup>
  <ItemGroup>
    <ClCompile Include="Source.cpp">
      <Filter>Source Files</Filter>
    </ClCompile>
    <ClCompile Include="ArchiveVolume.cpp">
      <Filter>Source Files</Filter>
    </ClCompile>
    <ClCompile Include="ArchiveWrap.cpp">
      <Filter>Source Files</Filter>
    </ClCompile>
  </ItemGroup>
</Project>